{
  "name": "portfolio",
  "version": "0.1.0",
  "lockfileVersion": 3,
  "requires": true,
  "packages": {
    "": {
      "name": "portfolio",
      "version": "0.1.0",
      "dependencies": {
        "groq-sdk": "^1.3.0",
        "marked": "^18.0.6"
      }
    },
    "node_modules/groq-sdk": {
      "version": "1.3.0",
      "resolved": "https://registry.npmjs.org/groq-sdk/-/groq-sdk-1.3.0.tgz",
      "integrity": "sha512-mvgUIpAxlk/VxWIoliHx4R+Ha78Bd/g0t24OFjCXtdLbNiY1rW4h9AcznKBwFho7K/Nq732ZSjxMYkNb1xeCFg==",
      "license": "Apache-2.0",
      "bin": {
        "groq-sdk": "bin/cli"
      }
    },
    "node_modules/marked": {
      "version": "18.0.6",
      "resolved": "https://registry.npmjs.org/marked/-/marked-18.0.6.tgz",
      "integrity": "sha512-MrV5puXBfuiy6wl6DLaq3BtIJQAJToAd5zt/ZKhRfGRAuFPALE7/4Y7jnxRQoEgK/pBgurGqLyAuRgZ2xOjr6w==",
      "license": "MIT",
      "bin": {
        "marked": "bin/marked.js"
      },
      "engines": {
        "node": ">= 20"
      }
    }
  }
}
